
Microsoft Visual Studio Solution File, Format Version 12.00
# Visual Studio Version 17
VisualStudioVersion = 17.0.31903.59
MinimumVisualStudioVersion = 10.0.40219.1
Project("{FAE04EC0-301F-11D3-BF4B-00C04F79EFBC}") = "ConsoleApp3", "ConsoleApp3\ConsoleApp3.csproj", "{166684AD-BBB6-4DCD-911F-B3EF46C3A125}"
EndProject
Global
	GlobalSection(SolutionConfigurationPlatforms) = preSolution
		Debug|Any CPU = Debug|Any CPU
		Release|Any CPU = Release|Any CPU
	EndGlobalSection
	GlobalSection(ProjectConfigurationPlatforms) = postSolution
		{166684AD-BBB6-4DCD-911F-B3EF46C3A125}.Debug|Any CPU.ActiveCfg = Debug|Any CPU
		{166684AD-BBB6-4DCD-911F-B3EF46C3A125}.Debug|Any CPU.Build.0 = Debug|Any CPU
		{166684AD-BBB6-4DCD-911F-B3EF46C3A125}.Release|Any CPU.ActiveCfg = Release|Any CPU
		{166684AD-BBB6-4DCD-911F-B3EF46C3A125}.Release|Any CPU.Build.0 = Release|Any CPU
	EndGlobalSection
	GlobalSection(SolutionProperties) = preSolution
		HideSolutionNode = FALSE
	EndGlobalSection
	GlobalSection(ExtensibilityGlobals) = postSolution
		SolutionGuid = {5CDFF39E-7F33-4AE9-9E77-BA46B8E48135}
	EndGlobalSection
EndGlobal
